
Microsoft Visual Studio Solution File, Format Version 12.00
# Visual Studio Version 17
VisualStudioVersion = 17.10.35027.167
MinimumVisualStudioVersion = 10.0.40219.1
Project("{FAE04EC0-301F-11D3-BF4B-00C04F79EFBC}") = "ArrayTwo", "ArrayTwo\ArrayTwo.csproj", "{D1A45E72-2FD4-49D2-A811-3842AB7C7431}"
EndProject
Global
	GlobalSection(SolutionConfigurationPlatforms) = preSolution
		Debug|Any CPU = Debug|Any CPU
		Release|Any CPU = Release|Any CPU
	EndGlobalSection
	GlobalSection(ProjectConfigurationPlatforms) = postSolution
		{D1A45E72-2FD4-49D2-A811-3842AB7C7431}.Debug|Any CPU.ActiveCfg = Debug|Any CPU
		{D1A45E72-2FD4-49D2-A811-3842AB7C7431}.Debug|Any CPU.Build.0 = Debug|Any CPU
		{D1A45E72-2FD4-49D2-A811-3842AB7C7431}.Release|Any CPU.ActiveCfg = Release|Any CPU
		{D1A45E72-2FD4-49D2-A811-3842AB7C7431}.Release|Any CPU.Build.0 = Release|Any CPU
	EndGlobalSection
	GlobalSection(SolutionProperties) = preSolution
		HideSolutionNode = FALSE
	EndGlobalSection
	GlobalSection(ExtensibilityGlobals) = postSolution
		SolutionGuid = {400C9687-1FC0-4EB5-BBB8-530930DF833D}
	EndGlobalSection
EndGlobal
