
Microsoft Visual Studio Solution File, Format Version 12.00
# Visual Studio Version 17
VisualStudioVersion = 17.10.35027.167
MinimumVisualStudioVersion = 10.0.40219.1
Project("{FAE04EC0-301F-11D3-BF4B-00C04F79EFBC}") = "Array", "Array\Array.csproj", "{9FFD232D-17E8-4139-8991-505195F13D33}"
EndProject
Global
	GlobalSection(SolutionConfigurationPlatforms) = preSolution
		Debug|Any CPU = Debug|Any CPU
		Release|Any CPU = Release|Any CPU
	EndGlobalSection
	GlobalSection(ProjectConfigurationPlatforms) = postSolution
		{9FFD232D-17E8-4139-8991-505195F13D33}.Debug|Any CPU.ActiveCfg = Debug|Any CPU
		{9FFD232D-17E8-4139-8991-505195F13D33}.Debug|Any CPU.Build.0 = Debug|Any CPU
		{9FFD232D-17E8-4139-8991-505195F13D33}.Release|Any CPU.ActiveCfg = Release|Any CPU
		{9FFD232D-17E8-4139-8991-505195F13D33}.Release|Any CPU.Build.0 = Release|Any CPU
	EndGlobalSection
	GlobalSection(SolutionProperties) = preSolution
		HideSolutionNode = FALSE
	EndGlobalSection
	GlobalSection(ExtensibilityGlobals) = postSolution
		SolutionGuid = {9CD5F99E-6EEE-47CD-BEFD-8AB017FB482D}
	EndGlobalSection
EndGlobal
