
Microsoft Visual Studio Solution File, Format Version 12.00
# Visual Studio Version 17
VisualStudioVersion = 17.10.35027.167
MinimumVisualStudioVersion = 10.0.40219.1
Project("{FAE04EC0-301F-11D3-BF4B-00C04F79EFBC}") = "ArrayClassMethod", "ArrayClassMethod\ArrayClassMethod.csproj", "{36BA1512-B19F-47CB-B9DC-DC448C20A8BB}"
EndProject
Global
	GlobalSection(SolutionConfigurationPlatforms) = preSolution
		Debug|Any CPU = Debug|Any CPU
		Release|Any CPU = Release|Any CPU
	EndGlobalSection
	GlobalSection(ProjectConfigurationPlatforms) = postSolution
		{36BA1512-B19F-47CB-B9DC-DC448C20A8BB}.Debug|Any CPU.ActiveCfg = Debug|Any CPU
		{36BA1512-B19F-47CB-B9DC-DC448C20A8BB}.Debug|Any CPU.Build.0 = Debug|Any CPU
		{36BA1512-B19F-47CB-B9DC-DC448C20A8BB}.Release|Any CPU.ActiveCfg = Release|Any CPU
		{36BA1512-B19F-47CB-B9DC-DC448C20A8BB}.Release|Any CPU.Build.0 = Release|Any CPU
	EndGlobalSection
	GlobalSection(SolutionProperties) = preSolution
		HideSolutionNode = FALSE
	EndGlobalSection
	GlobalSection(ExtensibilityGlobals) = postSolution
		SolutionGuid = {B5992882-720B-4E06-9573-4DA4015A0E92}
	EndGlobalSection
EndGlobal
